
Microsoft Visual Studio Solution File, Format Version 11.00
# Visual Studio 2010
Project("{FAE04EC0-301F-11D3-BF4B-00C04F79EFBC}") = "Bump3Binding", "Bump3Binding\Bump3Binding.csproj", "{E55B9DB6-20C8-49A7-A9E2-40108B3E1FC2}"
EndProject
Project("{FAE04EC0-301F-11D3-BF4B-00C04F79EFBC}") = "Bumper", "Bumper\Bumper.csproj", "{DA3E6C5F-EFD5-4224-8371-B3B48A6C4AC6}"
EndProject
Global
	GlobalSection(SolutionConfigurationPlatforms) = preSolution
		Debug|Any CPU = Debug|Any CPU
		Release|Any CPU = Release|Any CPU
		Debug|iPhoneSimulator = Debug|iPhoneSimulator
		Release|iPhoneSimulator = Release|iPhoneSimulator
		Debug|iPhone = Debug|iPhone
		Release|iPhone = Release|iPhone
		Ad-Hoc|iPhone = Ad-Hoc|iPhone
		AppStore|iPhone = AppStore|iPhone
	EndGlobalSection
	GlobalSection(ProjectConfigurationPlatforms) = postSolution
		{DA3E6C5F-EFD5-4224-8371-B3B48A6C4AC6}.Ad-Hoc|iPhone.ActiveCfg = Ad-Hoc|iPhone
		{DA3E6C5F-EFD5-4224-8371-B3B48A6C4AC6}.Ad-Hoc|iPhone.Build.0 = Ad-Hoc|iPhone
		{DA3E6C5F-EFD5-4224-8371-B3B48A6C4AC6}.AppStore|iPhone.ActiveCfg = AppStore|iPhone
		{DA3E6C5F-EFD5-4224-8371-B3B48A6C4AC6}.AppStore|iPhone.Build.0 = AppStore|iPhone
		{DA3E6C5F-EFD5-4224-8371-B3B48A6C4AC6}.Debug|Any CPU.ActiveCfg = Debug|iPhoneSimulator
		{DA3E6C5F-EFD5-4224-8371-B3B48A6C4AC6}.Debug|Any CPU.Build.0 = Debug|iPhoneSimulator
		{DA3E6C5F-EFD5-4224-8371-B3B48A6C4AC6}.Debug|iPhone.ActiveCfg = Debug|iPhone
		{DA3E6C5F-EFD5-4224-8371-B3B48A6C4AC6}.Debug|iPhone.Build.0 = Debug|iPhone
		{DA3E6C5F-EFD5-4224-8371-B3B48A6C4AC6}.Debug|iPhoneSimulator.ActiveCfg = Debug|iPhoneSimulator
		{DA3E6C5F-EFD5-4224-8371-B3B48A6C4AC6}.Debug|iPhoneSimulator.Build.0 = Debug|iPhoneSimulator
		{DA3E6C5F-EFD5-4224-8371-B3B48A6C4AC6}.Release|Any CPU.ActiveCfg = Release|iPhoneSimulator
		{DA3E6C5F-EFD5-4224-8371-B3B48A6C4AC6}.Release|Any CPU.Build.0 = Release|iPhoneSimulator
		{DA3E6C5F-EFD5-4224-8371-B3B48A6C4AC6}.Release|iPhone.ActiveCfg = Release|iPhone
		{DA3E6C5F-EFD5-4224-8371-B3B48A6C4AC6}.Release|iPhone.Build.0 = Release|iPhone
		{DA3E6C5F-EFD5-4224-8371-B3B48A6C4AC6}.Release|iPhoneSimulator.ActiveCfg = Release|iPhoneSimulator
		{DA3E6C5F-EFD5-4224-8371-B3B48A6C4AC6}.Release|iPhoneSimulator.Build.0 = Release|iPhoneSimulator
		{E55B9DB6-20C8-49A7-A9E2-40108B3E1FC2}.Debug|Any CPU.ActiveCfg = Debug|Any CPU
		{E55B9DB6-20C8-49A7-A9E2-40108B3E1FC2}.Debug|Any CPU.Build.0 = Debug|Any CPU
		{E55B9DB6-20C8-49A7-A9E2-40108B3E1FC2}.Release|Any CPU.ActiveCfg = Release|Any CPU
		{E55B9DB6-20C8-49A7-A9E2-40108B3E1FC2}.Release|Any CPU.Build.0 = Release|Any CPU
	EndGlobalSection
	GlobalSection(MonoDevelopProperties) = preSolution
		StartupItem = Bumper\Bumper.csproj
	EndGlobalSection
EndGlobal
